
Microsoft Visual Studio Solution File, Format Version 12.00
# Visual Studio Version 17
VisualStudioVersion = 17.8.34330.188
MinimumVisualStudioVersion = 10.0.40219.1
Project("{FAE04EC0-301F-11D3-BF4B-00C04F79EFBC}") = "JanusShopApp", "JanusShopApp.csproj", "{46219B00-C0D6-45F8-8958-917B3428F484}"
EndProject
Global
	GlobalSection(SolutionConfigurationPlatforms) = preSolution
		Debug|Any CPU = Debug|Any CPU
		Release|Any CPU = Release|Any CPU
	EndGlobalSection
	GlobalSection(ProjectConfigurationPlatforms) = postSolution
		{46219B00-C0D6-45F8-8958-917B3428F484}.Debug|Any CPU.ActiveCfg = Debug|Any CPU
		{46219B00-C0D6-45F8-8958-917B3428F484}.Debug|Any CPU.Build.0 = Debug|Any CPU
		{46219B00-C0D6-45F8-8958-917B3428F484}.Release|Any CPU.ActiveCfg = Release|Any CPU
		{46219B00-C0D6-45F8-8958-917B3428F484}.Release|Any CPU.Build.0 = Release|Any CPU
	EndGlobalSection
	GlobalSection(SolutionProperties) = preSolution
		HideSolutionNode = FALSE
	EndGlobalSection
	GlobalSection(ExtensibilityGlobals) = postSolution
		SolutionGuid = {05645F58-5DFC-42A1-A67C-A6F881EB02ED}
	EndGlobalSection
EndGlobal
